// !$*UTF8*$!
{
	archiveVersion = 1;
	classes = {
	};
	objectVersion = 56;
	objects = {

/* Begin PBXBuildFile section */
		61ECFA4E8F1B5A08514213A4 /* Pods_itinerary_itineraryUITests.framework in Frameworks */ = {isa = PBXBuildFile; fileRef = 14C49FF380BEBE135BC7650B /* Pods_itinerary_itineraryUITests.framework */; };
		7B047AEE2A6A6B390026EB8C /* ExpenseTracker.swift in Sources */ = {isa = PBXBuildFile; fileRef = 7B047AED2A6A6B390026EB8C /* ExpenseTracker.swift */; };
		7B047AF02A6A6B720026EB8C /* ExpenseList.swift in Sources */ = {isa = PBXBuildFile; fileRef = 7B047AEF2A6A6B720026EB8C /* ExpenseList.swift */; };
		7B047AF22A6A6BCF0026EB8C /* ExpenseSummaryView.swift in Sources */ = {isa = PBXBuildFile; fileRef = 7B047AF12A6A6BCF0026EB8C /* ExpenseSummaryView.swift */; };
		7B047AF42A6A6BDB0026EB8C /* Expense.swift in Sources */ = {isa = PBXBuildFile; fileRef = 7B047AF32A6A6BDB0026EB8C /* Expense.swift */; };
		7B047AF62A6A6BE60026EB8C /* AddExpenseView.swift in Sources */ = {isa = PBXBuildFile; fileRef = 7B047AF52A6A6BE60026EB8C /* AddExpenseView.swift */; };
		7B047AF82A6A6BF20026EB8C /* BarChart.swift in Sources */ = {isa = PBXBuildFile; fileRef = 7B047AF72A6A6BF20026EB8C /* BarChart.swift */; };
		7B04876B2A47402500148974 /* Temp.swift in Sources */ = {isa = PBXBuildFile; fileRef = 7B04876A2A47402500148974 /* Temp.swift */; };
		7B0B82D02A46A153005DB014 /* SearchView.swift in Sources */ = {isa = PBXBuildFile; fileRef = 7B0B82CF2A46A153005DB014 /* SearchView.swift */; };
		7B0B82D22A46A19D005DB014 /* LocationManager.swift in Sources */ = {isa = PBXBuildFile; fileRef = 7B0B82D12A46A19D005DB014 /* LocationManager.swift */; };
		7B0B82D42A46A1DA005DB014 /* MapRootView.swift in Sources */ = {isa = PBXBuildFile; fileRef = 7B0B82D32A46A1DA005DB014 /* MapRootView.swift */; };
		7B0B82D62A46CB9A005DB014 /* MainInterfaceView.swift in Sources */ = {isa = PBXBuildFile; fileRef = 7B0B82D52A46CB9A005DB014 /* MainInterfaceView.swift */; };
		7B0B82D82A46CC8A005DB014 /* SingleTripView.swift in Sources */ = {isa = PBXBuildFile; fileRef = 7B0B82D72A46CC8A005DB014 /* SingleTripView.swift */; };
		7B0B82DA2A46CC93005DB014 /* CreateTripView.swift in Sources */ = {isa = PBXBuildFile; fileRef = 7B0B82D92A46CC93005DB014 /* CreateTripView.swift */; };
		7B116B962A2DE68800223118 /* AuthenticationManager.swift in Sources */ = {isa = PBXBuildFile; fileRef = 7B116B952A2DE68700223118 /* AuthenticationManager.swift */; };
		7B116B982A2DEDCF00223118 /* RootView.swift in Sources */ = {isa = PBXBuildFile; fileRef = 7B116B972A2DEDCF00223118 /* RootView.swift */; };
		7B116B9A2A2DEF1100223118 /* SettingsViewSignOut.swift in Sources */ = {isa = PBXBuildFile; fileRef = 7B116B992A2DEF1100223118 /* SettingsViewSignOut.swift */; };
		7B27BD352A29F44A0003EE9F /* FirebaseAnalytics in Frameworks */ = {isa = PBXBuildFile; productRef = 7B27BD342A29F44A0003EE9F /* FirebaseAnalytics */; };
		7B27BD372A29F44A0003EE9F /* FirebaseAnalyticsSwift in Frameworks */ = {isa = PBXBuildFile; productRef = 7B27BD362A29F44A0003EE9F /* FirebaseAnalyticsSwift */; };
		7B27BD392A29F44A0003EE9F /* FirebaseAnalyticsWithoutAdIdSupport in Frameworks */ = {isa = PBXBuildFile; productRef = 7B27BD382A29F44A0003EE9F /* FirebaseAnalyticsWithoutAdIdSupport */; };
		7B27BD3B2A29F44A0003EE9F /* FirebaseAuth in Frameworks */ = {isa = PBXBuildFile; productRef = 7B27BD3A2A29F44A0003EE9F /* FirebaseAuth */; };
		7B27BD3D2A29F44A0003EE9F /* FirebaseDatabase in Frameworks */ = {isa = PBXBuildFile; productRef = 7B27BD3C2A29F44A0003EE9F /* FirebaseDatabase */; };
		7B27BD3F2A29F44A0003EE9F /* FirebaseDatabaseSwift in Frameworks */ = {isa = PBXBuildFile; productRef = 7B27BD3E2A29F44A0003EE9F /* FirebaseDatabaseSwift */; };
		7B27BD412A29F44A0003EE9F /* FirebaseFunctions in Frameworks */ = {isa = PBXBuildFile; productRef = 7B27BD402A29F44A0003EE9F /* FirebaseFunctions */; };
		7B27BD432A29F44A0003EE9F /* FirebaseFunctionsCombine-Community in Frameworks */ = {isa = PBXBuildFile; productRef = 7B27BD422A29F44A0003EE9F /* FirebaseFunctionsCombine-Community */; };
		7B27BD452A29F44A0003EE9F /* FirebaseRemoteConfig in Frameworks */ = {isa = PBXBuildFile; productRef = 7B27BD442A29F44A0003EE9F /* FirebaseRemoteConfig */; };
		7B27BD472A29F44A0003EE9F /* FirebaseRemoteConfigSwift in Frameworks */ = {isa = PBXBuildFile; productRef = 7B27BD462A29F44A0003EE9F /* FirebaseRemoteConfigSwift */; };
		7B27BD492A29F6830003EE9F /* GoogleService-Info.plist in Resources */ = {isa = PBXBuildFile; fileRef = 7B27BD482A29F6830003EE9F /* GoogleService-Info.plist */; };
		7B8A60FC2A4BFFA000E50329 /* SignUpView.swift in Sources */ = {isa = PBXBuildFile; fileRef = 7B8A60FB2A4BFFA000E50329 /* SignUpView.swift */; };
		7BC191D02A487DA500D84087 /* itineraryUITests.swift in Sources */ = {isa = PBXBuildFile; fileRef = 7BC191CF2A487DA500D84087 /* itineraryUITests.swift */; };
		7BC191D22A487DA500D84087 /* itineraryUITestsLaunchTests.swift in Sources */ = {isa = PBXBuildFile; fileRef = 7BC191D12A487DA500D84087 /* itineraryUITestsLaunchTests.swift */; };
		7BC191D92A487EFF00D84087 /* AuthenticationUITests.swift in Sources */ = {isa = PBXBuildFile; fileRef = 7BC191D82A487EFF00D84087 /* AuthenticationUITests.swift */; };
		7BF49C1D2A2AEB1E002A804D /* AuthenticationView.swift in Sources */ = {isa = PBXBuildFile; fileRef = 7BF49C1C2A2AEB1E002A804D /* AuthenticationView.swift */; };
		7BF49C1F2A2AEC1A002A804D /* SignInEmailView.swift in Sources */ = {isa = PBXBuildFile; fileRef = 7BF49C1E2A2AEC1A002A804D /* SignInEmailView.swift */; };
		7BF78A462A553D1F00FBBD6A /* FirebaseFirestore in Frameworks */ = {isa = PBXBuildFile; productRef = 7BF78A452A553D1F00FBBD6A /* FirebaseFirestore */; };
		7BF78A482A553D1F00FBBD6A /* FirebaseFirestoreSwift in Frameworks */ = {isa = PBXBuildFile; productRef = 7BF78A472A553D1F00FBBD6A /* FirebaseFirestoreSwift */; };
		7BF78A4B2A554ADE00FBBD6A /* ProfileView.swift in Sources */ = {isa = PBXBuildFile; fileRef = 7BF78A4A2A554ADE00FBBD6A /* ProfileView.swift */; };
		7BF78A4E2A554EEB00FBBD6A /* UserManager.swift in Sources */ = {isa = PBXBuildFile; fileRef = 7BF78A4D2A554EEB00FBBD6A /* UserManager.swift */; };
		7BFB36B62A5E3F71009B38AF /* AddingView.swift in Sources */ = {isa = PBXBuildFile; fileRef = 7BFB36B52A5E3F71009B38AF /* AddingView.swift */; };
		7BFB36B82A5E3F7E009B38AF /* EditingPage.swift in Sources */ = {isa = PBXBuildFile; fileRef = 7BFB36B72A5E3F7E009B38AF /* EditingPage.swift */; };
		7BFB36BA2A5E3F86009B38AF /* UserData.swift in Sources */ = {isa = PBXBuildFile; fileRef = 7BFB36B92A5E3F86009B38AF /* UserData.swift */; };
		7BFB36BC2A5E423C009B38AF /* HomeView.swift in Sources */ = {isa = PBXBuildFile; fileRef = 7BFB36BB2A5E423C009B38AF /* HomeView.swift */; };
		8FC7DCFD1B849EEA28A8C88C /* Pods_itinerary.framework in Frameworks */ = {isa = PBXBuildFile; fileRef = EC6822E8D9314F8B3CB0717B /* Pods_itinerary.framework */; };
		CDF380A22A09E562005619CA /* itineraryApp.swift in Sources */ = {isa = PBXBuildFile; fileRef = CDF380A12A09E562005619CA /* itineraryApp.swift */; };
		CDF380A62A09E563005619CA /* Assets.xcassets in Resources */ = {isa = PBXBuildFile; fileRef = CDF380A52A09E563005619CA /* Assets.xcassets */; };
		CDF380A92A09E563005619CA /* Preview Assets.xcassets in Resources */ = {isa = PBXBuildFile; fileRef = CDF380A82A09E563005619CA /* Preview Assets.xcassets */; };
/* End PBXBuildFile section */

/* Begin PBXContainerItemProxy section */
		7BC191D32A487DA500D84087 /* PBXContainerItemProxy */ = {
			isa = PBXContainerItemProxy;
			containerPortal = CDF380962A09E562005619CA /* Project object */;
			proxyType = 1;
			remoteGlobalIDString = CDF3809D2A09E562005619CA;
			remoteInfo = itinerary;
		};
/* End PBXContainerItemProxy section */

/* Begin PBXFileReference section */
		14C49FF380BEBE135BC7650B /* Pods_itinerary_itineraryUITests.framework */ = {isa = PBXFileReference; explicitFileType = wrapper.framework; includeInIndex = 0; path = Pods_itinerary_itineraryUITests.framework; sourceTree = BUILT_PRODUCTS_DIR; };
		2B98C923861D7CBAEE932189 /* Pods-itinerary-itineraryUITests.release.xcconfig */ = {isa = PBXFileReference; includeInIndex = 1; lastKnownFileType = text.xcconfig; name = "Pods-itinerary-itineraryUITests.release.xcconfig"; path = "Target Support Files/Pods-itinerary-itineraryUITests/Pods-itinerary-itineraryUITests.release.xcconfig"; sourceTree = "<group>"; };
		48DD83E4008B768136AC8CCE /* Pods-itinerary.debug.xcconfig */ = {isa = PBXFileReference; includeInIndex = 1; lastKnownFileType = text.xcconfig; name = "Pods-itinerary.debug.xcconfig"; path = "Target Support Files/Pods-itinerary/Pods-itinerary.debug.xcconfig"; sourceTree = "<group>"; };
		7B047AED2A6A6B390026EB8C /* ExpenseTracker.swift */ = {isa = PBXFileReference; fileEncoding = 4; lastKnownFileType = sourcecode.swift; path = ExpenseTracker.swift; sourceTree = "<group>"; };
		7B047AEF2A6A6B720026EB8C /* ExpenseList.swift */ = {isa = PBXFileReference; fileEncoding = 4; lastKnownFileType = sourcecode.swift; path = ExpenseList.swift; sourceTree = "<group>"; };
		7B047AF12A6A6BCF0026EB8C /* ExpenseSummaryView.swift */ = {isa = PBXFileReference; fileEncoding = 4; lastKnownFileType = sourcecode.swift; path = ExpenseSummaryView.swift; sourceTree = "<group>"; };
		7B047AF32A6A6BDB0026EB8C /* Expense.swift */ = {isa = PBXFileReference; fileEncoding = 4; lastKnownFileType = sourcecode.swift; path = Expense.swift; sourceTree = "<group>"; };
		7B047AF52A6A6BE60026EB8C /* AddExpenseView.swift */ = {isa = PBXFileReference; fileEncoding = 4; lastKnownFileType = sourcecode.swift; path = AddExpenseView.swift; sourceTree = "<group>"; };
		7B047AF72A6A6BF20026EB8C /* BarChart.swift */ = {isa = PBXFileReference; fileEncoding = 4; lastKnownFileType = sourcecode.swift; path = BarChart.swift; sourceTree = "<group>"; };
		7B04876A2A47402500148974 /* Temp.swift */ = {isa = PBXFileReference; lastKnownFileType = sourcecode.swift; path = Temp.swift; sourceTree = "<group>"; };
		7B0B82CF2A46A153005DB014 /* SearchView.swift */ = {isa = PBXFileReference; lastKnownFileType = sourcecode.swift; path = SearchView.swift; sourceTree = "<group>"; };
		7B0B82D12A46A19D005DB014 /* LocationManager.swift */ = {isa = PBXFileReference; lastKnownFileType = sourcecode.swift; path = LocationManager.swift; sourceTree = "<group>"; };
		7B0B82D32A46A1DA005DB014 /* MapRootView.swift */ = {isa = PBXFileReference; lastKnownFileType = sourcecode.swift; path = MapRootView.swift; sourceTree = "<group>"; };
		7B0B82D52A46CB9A005DB014 /* MainInterfaceView.swift */ = {isa = PBXFileReference; fileEncoding = 4; lastKnownFileType = sourcecode.swift; name = MainInterfaceView.swift; path = "../../../Library/Containers/com.tencent.xinWeChat/Data/Library/Application Support/com.tencent.xinWeChat/2.0b4.0.9/febd961583e577d715588ea8623be4ba/Message/MessageTemp/adc6d616bb5c0b7219079c8cd68a5250/File/MainInterfaceView.swift"; sourceTree = "<group>"; };
		7B0B82D72A46CC8A005DB014 /* SingleTripView.swift */ = {isa = PBXFileReference; fileEncoding = 4; lastKnownFileType = sourcecode.swift; name = SingleTripView.swift; path = "../../../Library/Containers/com.tencent.xinWeChat/Data/Library/Application Support/com.tencent.xinWeChat/2.0b4.0.9/febd961583e577d715588ea8623be4ba/Message/MessageTemp/adc6d616bb5c0b7219079c8cd68a5250/File/SingleTripView.swift"; sourceTree = "<group>"; };
		7B0B82D92A46CC93005DB014 /* CreateTripView.swift */ = {isa = PBXFileReference; fileEncoding = 4; lastKnownFileType = sourcecode.swift; path = CreateTripView.swift; sourceTree = "<group>"; };
		7B116B952A2DE68700223118 /* AuthenticationManager.swift */ = {isa = PBXFileReference; lastKnownFileType = sourcecode.swift; path = AuthenticationManager.swift; sourceTree = "<group>"; };
		7B116B972A2DEDCF00223118 /* RootView.swift */ = {isa = PBXFileReference; lastKnownFileType = sourcecode.swift; path = RootView.swift; sourceTree = "<group>"; };
		7B116B992A2DEF1100223118 /* SettingsViewSignOut.swift */ = {isa = PBXFileReference; lastKnownFileType = sourcecode.swift; path = SettingsViewSignOut.swift; sourceTree = "<group>"; };
		7B131F1E2A6C203000119B0F /* Info.plist */ = {isa = PBXFileReference; lastKnownFileType = text.plist; path = Info.plist; sourceTree = "<group>"; };
		7B27BD482A29F6830003EE9F /* GoogleService-Info.plist */ = {isa = PBXFileReference; fileEncoding = 4; lastKnownFileType = text.plist.xml; path = "GoogleService-Info.plist"; sourceTree = "<group>"; };
		7B8A60FB2A4BFFA000E50329 /* SignUpView.swift */ = {isa = PBXFileReference; lastKnownFileType = sourcecode.swift; path = SignUpView.swift; sourceTree = "<group>"; };
		7BC191CD2A487DA500D84087 /* itineraryUITests.xctest */ = {isa = PBXFileReference; explicitFileType = wrapper.cfbundle; includeInIndex = 0; path = itineraryUITests.xctest; sourceTree = BUILT_PRODUCTS_DIR; };
		7BC191CF2A487DA500D84087 /* itineraryUITests.swift */ = {isa = PBXFileReference; lastKnownFileType = sourcecode.swift; path = itineraryUITests.swift; sourceTree = "<group>"; };
		7BC191D12A487DA500D84087 /* itineraryUITestsLaunchTests.swift */ = {isa = PBXFileReference; lastKnownFileType = sourcecode.swift; path = itineraryUITestsLaunchTests.swift; sourceTree = "<group>"; };
		7BC191D82A487EFF00D84087 /* AuthenticationUITests.swift */ = {isa = PBXFileReference; lastKnownFileType = sourcecode.swift; path = AuthenticationUITests.swift; sourceTree = "<group>"; };
		7BF49C1C2A2AEB1E002A804D /* AuthenticationView.swift */ = {isa = PBXFileReference; lastKnownFileType = sourcecode.swift; path = AuthenticationView.swift; sourceTree = "<group>"; };
		7BF49C1E2A2AEC1A002A804D /* SignInEmailView.swift */ = {isa = PBXFileReference; lastKnownFileType = sourcecode.swift; path = SignInEmailView.swift; sourceTree = "<group>"; };
		7BF78A4A2A554ADE00FBBD6A /* ProfileView.swift */ = {isa = PBXFileReference; lastKnownFileType = sourcecode.swift; path = ProfileView.swift; sourceTree = "<group>"; };
		7BF78A4D2A554EEB00FBBD6A /* UserManager.swift */ = {isa = PBXFileReference; lastKnownFileType = sourcecode.swift; path = UserManager.swift; sourceTree = "<group>"; };
		7BFB36B52A5E3F71009B38AF /* AddingView.swift */ = {isa = PBXFileReference; fileEncoding = 4; lastKnownFileType = sourcecode.swift; path = AddingView.swift; sourceTree = "<group>"; };
		7BFB36B72A5E3F7E009B38AF /* EditingPage.swift */ = {isa = PBXFileReference; fileEncoding = 4; lastKnownFileType = sourcecode.swift; path = EditingPage.swift; sourceTree = "<group>"; };
		7BFB36B92A5E3F86009B38AF /* UserData.swift */ = {isa = PBXFileReference; fileEncoding = 4; lastKnownFileType = sourcecode.swift; path = UserData.swift; sourceTree = "<group>"; };
		7BFB36BB2A5E423C009B38AF /* HomeView.swift */ = {isa = PBXFileReference; lastKnownFileType = sourcecode.swift; path = HomeView.swift; sourceTree = "<group>"; };
		8D9016CB04A5921AD2175268 /* Pods-itinerary.release.xcconfig */ = {isa = PBXFileReference; includeInIndex = 1; lastKnownFileType = text.xcconfig; name = "Pods-itinerary.release.xcconfig"; path = "Target Support Files/Pods-itinerary/Pods-itinerary.release.xcconfig"; sourceTree = "<group>"; };
		CDF3809E2A09E562005619CA /* itinerary.app */ = {isa = PBXFileReference; explicitFileType = wrapper.application; includeInIndex = 0; path = itinerary.app; sourceTree = BUILT_PRODUCTS_DIR; };
		CDF380A12A09E562005619CA /* itineraryApp.swift */ = {isa = PBXFileReference; lastKnownFileType = sourcecode.swift; path = itineraryApp.swift; sourceTree = "<group>"; };
		CDF380A52A09E563005619CA /* Assets.xcassets */ = {isa = PBXFileReference; lastKnownFileType = folder.assetcatalog; path = Assets.xcassets; sourceTree = "<group>"; };
		CDF380A82A09E563005619CA /* Preview Assets.xcassets */ = {isa = PBXFileReference; lastKnownFileType = folder.assetcatalog; path = "Preview Assets.xcassets"; sourceTree = "<group>"; };
		EC6822E8D9314F8B3CB0717B /* Pods_itinerary.framework */ = {isa = PBXFileReference; explicitFileType = wrapper.framework; includeInIndex = 0; path = Pods_itinerary.framework; sourceTree = BUILT_PRODUCTS_DIR; };
		ED1F2B11306783BCC57E13A6 /* Pods-itinerary-itineraryUITests.debug.xcconfig */ = {isa = PBXFileReference; includeInIndex = 1; lastKnownFileType = text.xcconfig; name = "Pods-itinerary-itineraryUITests.debug.xcconfig"; path = "Target Support Files/Pods-itinerary-itineraryUITests/Pods-itinerary-itineraryUITests.debug.xcconfig"; sourceTree = "<group>"; };
/* End PBXFileReference section */

/* Begin PBXFrameworksBuildPhase section */
		7BC191CA2A487DA500D84087 /* Frameworks */ = {
			isa = PBXFrameworksBuildPhase;
			buildActionMask = 2147483647;
			files = (
				61ECFA4E8F1B5A08514213A4 /* Pods_itinerary_itineraryUITests.framework in Frameworks */,
			);
			runOnlyForDeploymentPostprocessing = 0;
		};
		CDF3809B2A09E562005619CA /* Frameworks */ = {
			isa = PBXFrameworksBuildPhase;
			buildActionMask = 2147483647;
			files = (
				7B27BD452A29F44A0003EE9F /* FirebaseRemoteConfig in Frameworks */,
				7B27BD3F2A29F44A0003EE9F /* FirebaseDatabaseSwift in Frameworks */,
				7B27BD412A29F44A0003EE9F /* FirebaseFunctions in Frameworks */,
				7B27BD3D2A29F44A0003EE9F /* FirebaseDatabase in Frameworks */,
				7B27BD372A29F44A0003EE9F /* FirebaseAnalyticsSwift in Frameworks */,
				7B27BD392A29F44A0003EE9F /* FirebaseAnalyticsWithoutAdIdSupport in Frameworks */,
				7B27BD352A29F44A0003EE9F /* FirebaseAnalytics in Frameworks */,
				7B27BD472A29F44A0003EE9F /* FirebaseRemoteConfigSwift in Frameworks */,
				7B27BD3B2A29F44A0003EE9F /* FirebaseAuth in Frameworks */,
				7BF78A462A553D1F00FBBD6A /* FirebaseFirestore in Frameworks */,
				7B27BD432A29F44A0003EE9F /* FirebaseFunctionsCombine-Community in Frameworks */,
				7BF78A482A553D1F00FBBD6A /* FirebaseFirestoreSwift in Frameworks */,
				8FC7DCFD1B849EEA28A8C88C /* Pods_itinerary.framework in Frameworks */,
			);
			runOnlyForDeploymentPostprocessing = 0;
		};
/* End PBXFrameworksBuildPhase section */

/* Begin PBXGroup section */
		7B047AEA2A6A6B020026EB8C /* Expense */ = {
			isa = PBXGroup;
			children = (
				7B047AED2A6A6B390026EB8C /* ExpenseTracker.swift */,
				7B047AEF2A6A6B720026EB8C /* ExpenseList.swift */,
				7B047AF12A6A6BCF0026EB8C /* ExpenseSummaryView.swift */,
				7B047AF32A6A6BDB0026EB8C /* Expense.swift */,
				7B047AF52A6A6BE60026EB8C /* AddExpenseView.swift */,
				7B047AF72A6A6BF20026EB8C /* BarChart.swift */,
			);
			path = Expense;
			sourceTree = "<group>";
		};
		7B047AF92A6A6CBD0026EB8C /* Activity */ = {
			isa = PBXGroup;
			children = (
				7BFB36B52A5E3F71009B38AF /* AddingView.swift */,
				7BFB36B72A5E3F7E009B38AF /* EditingPage.swift */,
				7BFB36B92A5E3F86009B38AF /* UserData.swift */,
			);
			path = Activity;
			sourceTree = "<group>";
		};
		7B0B82CC2A46A096005DB014 /* Map */ = {
			isa = PBXGroup;
			children = (
				7B0B82CE2A46A0BF005DB014 /* View */,
				7B0B82CD2A46A0B4005DB014 /* ViewModel */,
			);
			path = Map;
			sourceTree = "<group>";
		};
		7B0B82CD2A46A0B4005DB014 /* ViewModel */ = {
			isa = PBXGroup;
			children = (
				7B0B82D12A46A19D005DB014 /* LocationManager.swift */,
			);
			path = ViewModel;
			sourceTree = "<group>";
		};
		7B0B82CE2A46A0BF005DB014 /* View */ = {
			isa = PBXGroup;
			children = (
				7B0B82CF2A46A153005DB014 /* SearchView.swift */,
				7B04876A2A47402500148974 /* Temp.swift */,
				7B0B82D32A46A1DA005DB014 /* MapRootView.swift */,
			);
			path = View;
			sourceTree = "<group>";
		};
		7B131F202A6C2FBF00119B0F /* LeanCloudDatabase */ = {
			isa = PBXGroup;
			children = (
			);
			path = LeanCloudDatabase;
			sourceTree = "<group>";
		};
		7BC191CE2A487DA500D84087 /* itineraryUITests */ = {
			isa = PBXGroup;
			children = (
				7BC191CF2A487DA500D84087 /* itineraryUITests.swift */,
				7BC191D12A487DA500D84087 /* itineraryUITestsLaunchTests.swift */,
				7BC191D82A487EFF00D84087 /* AuthenticationUITests.swift */,
			);
			path = itineraryUITests;
			sourceTree = "<group>";
		};
		7BF49C1B2A2AEAE3002A804D /* Authentication */ = {
			isa = PBXGroup;
			children = (
				7BF78A492A554ACB00FBBD6A /* Profile */,
				7BF49C1C2A2AEB1E002A804D /* AuthenticationView.swift */,
				7B8A60FB2A4BFFA000E50329 /* SignUpView.swift */,
				7B116B992A2DEF1100223118 /* SettingsViewSignOut.swift */,
				7BF49C1E2A2AEC1A002A804D /* SignInEmailView.swift */,
				7B116B972A2DEDCF00223118 /* RootView.swift */,
				7B116B952A2DE68700223118 /* AuthenticationManager.swift */,
			);
			path = Authentication;
			sourceTree = "<group>";
		};
		7BF78A442A553D1F00FBBD6A /* Frameworks */ = {
			isa = PBXGroup;
			children = (
				EC6822E8D9314F8B3CB0717B /* Pods_itinerary.framework */,
				14C49FF380BEBE135BC7650B /* Pods_itinerary_itineraryUITests.framework */,
			);
			name = Frameworks;
			sourceTree = "<group>";
		};
		7BF78A492A554ACB00FBBD6A /* Profile */ = {
			isa = PBXGroup;
			children = (
				7BF78A4A2A554ADE00FBBD6A /* ProfileView.swift */,
			);
			path = Profile;
			sourceTree = "<group>";
		};
		7BF78A4C2A554EBD00FBBD6A /* FireStore */ = {
			isa = PBXGroup;
			children = (
				7BF78A4D2A554EEB00FBBD6A /* UserManager.swift */,
			);
			path = FireStore;
			sourceTree = "<group>";
		};
		CDF380952A09E562005619CA = {
			isa = PBXGroup;
			children = (
				CDF380A02A09E562005619CA /* itinerary */,
				7BC191CE2A487DA500D84087 /* itineraryUITests */,
				CDF3809F2A09E562005619CA /* Products */,
				7BF78A442A553D1F00FBBD6A /* Frameworks */,
				D7DFDF8A283F1EEAE74E46C8 /* Pods */,
			);
			sourceTree = "<group>";
		};
		CDF3809F2A09E562005619CA /* Products */ = {
			isa = PBXGroup;
			children = (
				CDF3809E2A09E562005619CA /* itinerary.app */,
				7BC191CD2A487DA500D84087 /* itineraryUITests.xctest */,
			);
			name = Products;
			sourceTree = "<group>";
		};
		CDF380A02A09E562005619CA /* itinerary */ = {
			isa = PBXGroup;
			children = (
				7B131F202A6C2FBF00119B0F /* LeanCloudDatabase */,
				7B131F1E2A6C203000119B0F /* Info.plist */,
				7B047AF92A6A6CBD0026EB8C /* Activity */,
				7B047AEA2A6A6B020026EB8C /* Expense */,
				CDF380A12A09E562005619CA /* itineraryApp.swift */,
				7B0B82D52A46CB9A005DB014 /* MainInterfaceView.swift */,
				7BFB36BB2A5E423C009B38AF /* HomeView.swift */,
				7B0B82D72A46CC8A005DB014 /* SingleTripView.swift */,
				7B0B82D92A46CC93005DB014 /* CreateTripView.swift */,
				7BF78A4C2A554EBD00FBBD6A /* FireStore */,
				7BF49C1B2A2AEAE3002A804D /* Authentication */,
				7B0B82CC2A46A096005DB014 /* Map */,
				7B27BD482A29F6830003EE9F /* GoogleService-Info.plist */,
				CDF380A52A09E563005619CA /* Assets.xcassets */,
				CDF380A72A09E563005619CA /* Preview Content */,
			);
			path = itinerary;
			sourceTree = "<group>";
		};
		CDF380A72A09E563005619CA /* Preview Content */ = {
			isa = PBXGroup;
			children = (
				CDF380A82A09E563005619CA /* Preview Assets.xcassets */,
			);
			path = "Preview Content";
			sourceTree = "<group>";
		};
		D7DFDF8A283F1EEAE74E46C8 /* Pods */ = {
			isa = PBXGroup;
			children = (
				48DD83E4008B768136AC8CCE /* Pods-itinerary.debug.xcconfig */,
				8D9016CB04A5921AD2175268 /* Pods-itinerary.release.xcconfig */,
				ED1F2B11306783BCC57E13A6 /* Pods-itinerary-itineraryUITests.debug.xcconfig */,
				2B98C923861D7CBAEE932189 /* Pods-itinerary-itineraryUITests.release.xcconfig */,
			);
			path = Pods;
			sourceTree = "<group>";
		};
/* End PBXGroup section */

/* Begin PBXNativeTarget section */
		7BC191CC2A487DA500D84087 /* itineraryUITests */ = {
			isa = PBXNativeTarget;
			buildConfigurationList = 7BC191D72A487DA500D84087 /* Build configuration list for PBXNativeTarget "itineraryUITests" */;
			buildPhases = (
				0B491B4ED8113921C90BDB7D /* [CP] Check Pods Manifest.lock */,
				7BC191C92A487DA500D84087 /* Sources */,
				7BC191CA2A487DA500D84087 /* Frameworks */,
				7BC191CB2A487DA500D84087 /* Resources */,
				29F53281E69561779A7863E5 /* [CP] Embed Pods Frameworks */,
			);
			buildRules = (
			);
			dependencies = (
				7BC191D42A487DA500D84087 /* PBXTargetDependency */,
			);
			name = itineraryUITests;
			productName = itineraryUITests;
			productReference = 7BC191CD2A487DA500D84087 /* itineraryUITests.xctest */;
			productType = "com.apple.product-type.bundle.ui-testing";
		};
		CDF3809D2A09E562005619CA /* itinerary */ = {
			isa = PBXNativeTarget;
			buildConfigurationList = CDF380AC2A09E563005619CA /* Build configuration list for PBXNativeTarget "itinerary" */;
			buildPhases = (
				6ADC69C15BD7DECAF53F6225 /* [CP] Check Pods Manifest.lock */,
				CDF3809A2A09E562005619CA /* Sources */,
				CDF3809B2A09E562005619CA /* Frameworks */,
				CDF3809C2A09E562005619CA /* Resources */,
				BFB163099422ECC75EE8BA3C /* [CP] Embed Pods Frameworks */,
			);
			buildRules = (
			);
			dependencies = (
			);
			name = itinerary;
			packageProductDependencies = (
				7B27BD342A29F44A0003EE9F /* FirebaseAnalytics */,
				7B27BD362A29F44A0003EE9F /* FirebaseAnalyticsSwift */,
				7B27BD382A29F44A0003EE9F /* FirebaseAnalyticsWithoutAdIdSupport */,
				7B27BD3A2A29F44A0003EE9F /* FirebaseAuth */,
				7B27BD3C2A29F44A0003EE9F /* FirebaseDatabase */,
				7B27BD3E2A29F44A0003EE9F /* FirebaseDatabaseSwift */,
				7B27BD402A29F44A0003EE9F /* FirebaseFunctions */,
				7B27BD422A29F44A0003EE9F /* FirebaseFunctionsCombine-Community */,
				7B27BD442A29F44A0003EE9F /* FirebaseRemoteConfig */,
				7B27BD462A29F44A0003EE9F /* FirebaseRemoteConfigSwift */,
				7BF78A452A553D1F00FBBD6A /* FirebaseFirestore */,
				7BF78A472A553D1F00FBBD6A /* FirebaseFirestoreSwift */,
			);
			productName = itinerary;
			productReference = CDF3809E2A09E562005619CA /* itinerary.app */;
			productType = "com.apple.product-type.application";
		};
/* End PBXNativeTarget section */

/* Begin PBXProject section */
		CDF380962A09E562005619CA /* Project object */ = {
			isa = PBXProject;
			attributes = {
				BuildIndependentTargetsInParallel = 1;
				LastSwiftUpdateCheck = 1430;
				LastUpgradeCheck = 1430;
				TargetAttributes = {
					7BC191CC2A487DA500D84087 = {
						CreatedOnToolsVersion = 14.3;
						TestTargetID = CDF3809D2A09E562005619CA;
					};
					CDF3809D2A09E562005619CA = {
						CreatedOnToolsVersion = 14.3;
					};
				};
			};
			buildConfigurationList = CDF380992A09E562005619CA /* Build configuration list for PBXProject "itinerary" */;
			compatibilityVersion = "Xcode 14.0";
			developmentRegion = en;
			hasScannedForEncodings = 0;
			knownRegions = (
				en,
				Base,
			);
			mainGroup = CDF380952A09E562005619CA;
			packageReferences = (
				7B27BD332A29F44A0003EE9F /* XCRemoteSwiftPackageReference "firebase-ios-sdk" */,
			);
			productRefGroup = CDF3809F2A09E562005619CA /* Products */;
			projectDirPath = "";
			projectRoot = "";
			targets = (
				CDF3809D2A09E562005619CA /* itinerary */,
				7BC191CC2A487DA500D84087 /* itineraryUITests */,
			);
		};
/* End PBXProject section */

/* Begin PBXResourcesBuildPhase section */
		7BC191CB2A487DA500D84087 /* Resources */ = {
			isa = PBXResourcesBuildPhase;
			buildActionMask = 2147483647;
			files = (
			);
			runOnlyForDeploymentPostprocessing = 0;
		};
		CDF3809C2A09E562005619CA /* Resources */ = {
			isa = PBXResourcesBuildPhase;
			buildActionMask = 2147483647;
			files = (
				CDF380A92A09E563005619CA /* Preview Assets.xcassets in Resources */,
				7B27BD492A29F6830003EE9F /* GoogleService-Info.plist in Resources */,
				CDF380A62A09E563005619CA /* Assets.xcassets in Resources */,
			);
			runOnlyForDeploymentPostprocessing = 0;
		};
/* End PBXResourcesBuildPhase section */

/* Begin PBXShellScriptBuildPhase section */
		0B491B4ED8113921C90BDB7D /* [CP] Check Pods Manifest.lock */ = {
			isa = PBXShellScriptBuildPhase;
			buildActionMask = 2147483647;
			files = (
			);
			inputFileListPaths = (
			);
			inputPaths = (
				"${PODS_PODFILE_DIR_PATH}/Podfile.lock",
				"${PODS_ROOT}/Manifest.lock",
			);
			name = "[CP] Check Pods Manifest.lock";
			outputFileListPaths = (
			);
			outputPaths = (
				"$(DERIVED_FILE_DIR)/Pods-itinerary-itineraryUITests-checkManifestLockResult.txt",
			);
			runOnlyForDeploymentPostprocessing = 0;
			shellPath = /bin/sh;
			shellScript = "diff \"${PODS_PODFILE_DIR_PATH}/Podfile.lock\" \"${PODS_ROOT}/Manifest.lock\" > /dev/null\nif [ $? != 0 ] ; then\n    # print error to STDERR\n    echo \"error: The sandbox is not in sync with the Podfile.lock. Run 'pod install' or update your CocoaPods installation.\" >&2\n    exit 1\nfi\n# This output is used by Xcode 'outputs' to avoid re-running this script phase.\necho \"SUCCESS\" > \"${SCRIPT_OUTPUT_FILE_0}\"\n";
			showEnvVarsInLog = 0;
		};
		29F53281E69561779A7863E5 /* [CP] Embed Pods Frameworks */ = {
			isa = PBXShellScriptBuildPhase;
			buildActionMask = 2147483647;
			files = (
			);
			inputFileListPaths = (
				"${PODS_ROOT}/Target Support Files/Pods-itinerary-itineraryUITests/Pods-itinerary-itineraryUITests-frameworks-${CONFIGURATION}-input-files.xcfilelist",
			);
			name = "[CP] Embed Pods Frameworks";
			outputFileListPaths = (
				"${PODS_ROOT}/Target Support Files/Pods-itinerary-itineraryUITests/Pods-itinerary-itineraryUITests-frameworks-${CONFIGURATION}-output-files.xcfilelist",
			);
			runOnlyForDeploymentPostprocessing = 0;
			shellPath = /bin/sh;
			shellScript = "\"${PODS_ROOT}/Target Support Files/Pods-itinerary-itineraryUITests/Pods-itinerary-itineraryUITests-frameworks.sh\"\n";
			showEnvVarsInLog = 0;
		};
		6ADC69C15BD7DECAF53F6225 /* [CP] Check Pods Manifest.lock */ = {
			isa = PBXShellScriptBuildPhase;
			buildActionMask = 2147483647;
			files = (
			);
			inputFileListPaths = (
			);
			inputPaths = (
				"${PODS_PODFILE_DIR_PATH}/Podfile.lock",
				"${PODS_ROOT}/Manifest.lock",
			);
			name = "[CP] Check Pods Manifest.lock";
			outputFileListPaths = (
			);
			outputPaths = (
				"$(DERIVED_FILE_DIR)/Pods-itinerary-checkManifestLockResult.txt",
			);
			runOnlyForDeploymentPostprocessing = 0;
			shellPath = /bin/sh;
			shellScript = "diff \"${PODS_PODFILE_DIR_PATH}/Podfile.lock\" \"${PODS_ROOT}/Manifest.lock\" > /dev/null\nif [ $? != 0 ] ; then\n    # print error to STDERR\n    echo \"error: The sandbox is not in sync with the Podfile.lock. Run 'pod install' or update your CocoaPods installation.\" >&2\n    exit 1\nfi\n# This output is used by Xcode 'outputs' to avoid re-running this script phase.\necho \"SUCCESS\" > \"${SCRIPT_OUTPUT_FILE_0}\"\n";
			showEnvVarsInLog = 0;
		};
		BFB163099422ECC75EE8BA3C /* [CP] Embed Pods Frameworks */ = {
			isa = PBXShellScriptBuildPhase;
			buildActionMask = 2147483647;
			files = (
			);
			inputFileListPaths = (
				"${PODS_ROOT}/Target Support Files/Pods-itinerary/Pods-itinerary-frameworks-${CONFIGURATION}-input-files.xcfilelist",
			);
			name = "[CP] Embed Pods Frameworks";
			outputFileListPaths = (
				"${PODS_ROOT}/Target Support Files/Pods-itinerary/Pods-itinerary-frameworks-${CONFIGURATION}-output-files.xcfilelist",
			);
			runOnlyForDeploymentPostprocessing = 0;
			shellPath = /bin/sh;
			shellScript = "\"${PODS_ROOT}/Target Support Files/Pods-itinerary/Pods-itinerary-frameworks.sh\"\n";
			showEnvVarsInLog = 0;
		};
/* End PBXShellScriptBuildPhase section */

/* Begin PBXSourcesBuildPhase section */
		7BC191C92A487DA500D84087 /* Sources */ = {
			isa = PBXSourcesBuildPhase;
			buildActionMask = 2147483647;
			files = (
				7BC191D22A487DA500D84087 /* itineraryUITestsLaunchTests.swift in Sources */,
				7BC191D92A487EFF00D84087 /* AuthenticationUITests.swift in Sources */,
				7BC191D02A487DA500D84087 /* itineraryUITests.swift in Sources */,
			);
			runOnlyForDeploymentPostprocessing = 0;
		};
		CDF3809A2A09E562005619CA /* Sources */ = {
			isa = PBXSourcesBuildPhase;
			buildActionMask = 2147483647;
			files = (
				7B0B82DA2A46CC93005DB014 /* CreateTripView.swift in Sources */,
				7BFB36B82A5E3F7E009B38AF /* EditingPage.swift in Sources */,
				7B0B82D62A46CB9A005DB014 /* MainInterfaceView.swift in Sources */,
				7BFB36BA2A5E3F86009B38AF /* UserData.swift in Sources */,
				7B047AF22A6A6BCF0026EB8C /* ExpenseSummaryView.swift in Sources */,
				7B116B962A2DE68800223118 /* AuthenticationManager.swift in Sources */,
				7B0B82D82A46CC8A005DB014 /* SingleTripView.swift in Sources */,
				7B0B82D42A46A1DA005DB014 /* MapRootView.swift in Sources */,
				7B116B9A2A2DEF1100223118 /* SettingsViewSignOut.swift in Sources */,
				7BF78A4E2A554EEB00FBBD6A /* UserManager.swift in Sources */,
				CDF380A22A09E562005619CA /* itineraryApp.swift in Sources */,
				7BF78A4B2A554ADE00FBBD6A /* ProfileView.swift in Sources */,
				7B047AF62A6A6BE60026EB8C /* AddExpenseView.swift in Sources */,
				7B8A60FC2A4BFFA000E50329 /* SignUpView.swift in Sources */,
				7BFB36B62A5E3F71009B38AF /* AddingView.swift in Sources */,
				7BFB36BC2A5E423C009B38AF /* HomeView.swift in Sources */,
				7B047AF02A6A6B720026EB8C /* ExpenseList.swift in Sources */,
				7B0B82D02A46A153005DB014 /* SearchView.swift in Sources */,
				7B047AF82A6A6BF20026EB8C /* BarChart.swift in Sources */,
				7B047AEE2A6A6B390026EB8C /* ExpenseTracker.swift in Sources */,
				7B047AF42A6A6BDB0026EB8C /* Expense.swift in Sources */,
				7B04876B2A47402500148974 /* Temp.swift in Sources */,
				7BF49C1D2A2AEB1E002A804D /* AuthenticationView.swift in Sources */,
				7B0B82D22A46A19D005DB014 /* LocationManager.swift in Sources */,
				7BF49C1F2A2AEC1A002A804D /* SignInEmailView.swift in Sources */,
				7B116B982A2DEDCF00223118 /* RootView.swift in Sources */,
			);
			runOnlyForDeploymentPostprocessing = 0;
		};
/* End PBXSourcesBuildPhase section */

/* Begin PBXTargetDependency section */
		7BC191D42A487DA500D84087 /* PBXTargetDependency */ = {
			isa = PBXTargetDependency;
			target = CDF3809D2A09E562005619CA /* itinerary */;
			targetProxy = 7BC191D32A487DA500D84087 /* PBXContainerItemProxy */;
		};
/* End PBXTargetDependency section */

/* Begin XCBuildConfiguration section */
		7BC191D52A487DA500D84087 /* Debug */ = {
			isa = XCBuildConfiguration;
			baseConfigurationReference = ED1F2B11306783BCC57E13A6 /* Pods-itinerary-itineraryUITests.debug.xcconfig */;
			buildSettings = {
				CODE_SIGN_STYLE = Automatic;
				CURRENT_PROJECT_VERSION = 1;
				GENERATE_INFOPLIST_FILE = YES;
				MARKETING_VERSION = 1.0;
				PRODUCT_BUNDLE_IDENTIFIER = com.myorganization.itineraryUITests;
				PRODUCT_NAME = "$(TARGET_NAME)";
				SWIFT_EMIT_LOC_STRINGS = NO;
				SWIFT_VERSION = 5.0;
				TARGETED_DEVICE_FAMILY = "1,2";
				TEST_TARGET_NAME = itinerary;
			};
			name = Debug;
		};
		7BC191D62A487DA500D84087 /* Release */ = {
			isa = XCBuildConfiguration;
			baseConfigurationReference = 2B98C923861D7CBAEE932189 /* Pods-itinerary-itineraryUITests.release.xcconfig */;
			buildSettings = {
				CODE_SIGN_STYLE = Automatic;
				CURRENT_PROJECT_VERSION = 1;
				GENERATE_INFOPLIST_FILE = YES;
				MARKETING_VERSION = 1.0;
				PRODUCT_BUNDLE_IDENTIFIER = com.myorganization.itineraryUITests;
				PRODUCT_NAME = "$(TARGET_NAME)";
				SWIFT_EMIT_LOC_STRINGS = NO;
				SWIFT_VERSION = 5.0;
				TARGETED_DEVICE_FAMILY = "1,2";
				TEST_TARGET_NAME = itinerary;
			};
			name = Release;
		};
		CDF380AA2A09E563005619CA /* Debug */ = {
			isa = XCBuildConfiguration;
			buildSettings = {
				ALWAYS_SEARCH_USER_PATHS = NO;
				CLANG_ANALYZER_NONNULL = YES;
				CLANG_ANALYZER_NUMBER_OBJECT_CONVERSION = YES_AGGRESSIVE;
				CLANG_CXX_LANGUAGE_STANDARD = "gnu++20";
				CLANG_ENABLE_MODULES = YES;
				CLANG_ENABLE_OBJC_ARC = YES;
				CLANG_ENABLE_OBJC_WEAK = YES;
				CLANG_WARN_BLOCK_CAPTURE_AUTORELEASING = YES;
				CLANG_WARN_BOOL_CONVERSION = YES;
				CLANG_WARN_COMMA = YES;
				CLANG_WARN_CONSTANT_CONVERSION = YES;
				CLANG_WARN_DEPRECATED_OBJC_IMPLEMENTATIONS = YES;
				CLANG_WARN_DIRECT_OBJC_ISA_USAGE = YES_ERROR;
				CLANG_WARN_DOCUMENTATION_COMMENTS = YES;
				CLANG_WARN_EMPTY_BODY = YES;
				CLANG_WARN_ENUM_CONVERSION = YES;
				CLANG_WARN_INFINITE_RECURSION = YES;
				CLANG_WARN_INT_CONVERSION = YES;
				CLANG_WARN_NON_LITERAL_NULL_CONVERSION = YES;
				CLANG_WARN_OBJC_IMPLICIT_RETAIN_SELF = YES;
				CLANG_WARN_OBJC_LITERAL_CONVERSION = YES;
				CLANG_WARN_OBJC_ROOT_CLASS = YES_ERROR;
				CLANG_WARN_QUOTED_INCLUDE_IN_FRAMEWORK_HEADER = YES;
				CLANG_WARN_RANGE_LOOP_ANALYSIS = YES;
				CLANG_WARN_STRICT_PROTOTYPES = YES;
				CLANG_WARN_SUSPICIOUS_MOVE = YES;
				CLANG_WARN_UNGUARDED_AVAILABILITY = YES_AGGRESSIVE;
				CLANG_WARN_UNREACHABLE_CODE = YES;
				CLANG_WARN__DUPLICATE_METHOD_MATCH = YES;
				COPY_PHASE_STRIP = NO;
				DEBUG_INFORMATION_FORMAT = dwarf;
				ENABLE_STRICT_OBJC_MSGSEND = YES;
				ENABLE_TESTABILITY = YES;
				GCC_C_LANGUAGE_STANDARD = gnu11;
				GCC_DYNAMIC_NO_PIC = NO;
				GCC_NO_COMMON_BLOCKS = YES;
				GCC_OPTIMIZATION_LEVEL = 0;
				GCC_PREPROCESSOR_DEFINITIONS = (
					"DEBUG=1",
					"$(inherited)",
				);
				GCC_WARN_64_TO_32_BIT_CONVERSION = YES;
				GCC_WARN_ABOUT_RETURN_TYPE = YES_ERROR;
				GCC_WARN_UNDECLARED_SELECTOR = YES;
				GCC_WARN_UNINITIALIZED_AUTOS = YES_AGGRESSIVE;
				GCC_WARN_UNUSED_FUNCTION = YES;
				GCC_WARN_UNUSED_VARIABLE = YES;
				IPHONEOS_DEPLOYMENT_TARGET = 16.4;
				MTL_ENABLE_DEBUG_INFO = INCLUDE_SOURCE;
				MTL_FAST_MATH = YES;
				ONLY_ACTIVE_ARCH = YES;
				SDKROOT = iphoneos;
				SWIFT_ACTIVE_COMPILATION_CONDITIONS = DEBUG;
				SWIFT_OPTIMIZATION_LEVEL = "-Onone";
			};
			name = Debug;
		};
		CDF380AB2A09E563005619CA /* Release */ = {
			isa = XCBuildConfiguration;
			buildSettings = {
				ALWAYS_SEARCH_USER_PATHS = NO;
				CLANG_ANALYZER_NONNULL = YES;
				CLANG_ANALYZER_NUMBER_OBJECT_CONVERSION = YES_AGGRESSIVE;
				CLANG_CXX_LANGUAGE_STANDARD = "gnu++20";
				CLANG_ENABLE_MODULES = YES;
				CLANG_ENABLE_OBJC_ARC = YES;
				CLANG_ENABLE_OBJC_WEAK = YES;
				CLANG_WARN_BLOCK_CAPTURE_AUTORELEASING = YES;
				CLANG_WARN_BOOL_CONVERSION = YES;
				CLANG_WARN_COMMA = YES;
				CLANG_WARN_CONSTANT_CONVERSION = YES;
				CLANG_WARN_DEPRECATED_OBJC_IMPLEMENTATIONS = YES;
				CLANG_WARN_DIRECT_OBJC_ISA_USAGE = YES_ERROR;
				CLANG_WARN_DOCUMENTATION_COMMENTS = YES;
				CLANG_WARN_EMPTY_BODY = YES;
				CLANG_WARN_ENUM_CONVERSION = YES;
				CLANG_WARN_INFINITE_RECURSION = YES;
				CLANG_WARN_INT_CONVERSION = YES;
				CLANG_WARN_NON_LITERAL_NULL_CONVERSION = YES;
				CLANG_WARN_OBJC_IMPLICIT_RETAIN_SELF = YES;
				CLANG_WARN_OBJC_LITERAL_CONVERSION = YES;
				CLANG_WARN_OBJC_ROOT_CLASS = YES_ERROR;
				CLANG_WARN_QUOTED_INCLUDE_IN_FRAMEWORK_HEADER = YES;
				CLANG_WARN_RANGE_LOOP_ANALYSIS = YES;
				CLANG_WARN_STRICT_PROTOTYPES = YES;
				CLANG_WARN_SUSPICIOUS_MOVE = YES;
				CLANG_WARN_UNGUARDED_AVAILABILITY = YES_AGGRESSIVE;
				CLANG_WARN_UNREACHABLE_CODE = YES;
				CLANG_WARN__DUPLICATE_METHOD_MATCH = YES;
				COPY_PHASE_STRIP = NO;
				DEBUG_INFORMATION_FORMAT = "dwarf-with-dsym";
				ENABLE_NS_ASSERTIONS = NO;
				ENABLE_STRICT_OBJC_MSGSEND = YES;
				GCC_C_LANGUAGE_STANDARD = gnu11;
				GCC_NO_COMMON_BLOCKS = YES;
				GCC_WARN_64_TO_32_BIT_CONVERSION = YES;
				GCC_WARN_ABOUT_RETURN_TYPE = YES_ERROR;
				GCC_WARN_UNDECLARED_SELECTOR = YES;
				GCC_WARN_UNINITIALIZED_AUTOS = YES_AGGRESSIVE;
				GCC_WARN_UNUSED_FUNCTION = YES;
				GCC_WARN_UNUSED_VARIABLE = YES;
				IPHONEOS_DEPLOYMENT_TARGET = 16.4;
				MTL_ENABLE_DEBUG_INFO = NO;
				MTL_FAST_MATH = YES;
				SDKROOT = iphoneos;
				SWIFT_COMPILATION_MODE = wholemodule;
				SWIFT_OPTIMIZATION_LEVEL = "-O";
				VALIDATE_PRODUCT = YES;
			};
			name = Release;
		};
		CDF380AD2A09E563005619CA /* Debug */ = {
			isa = XCBuildConfiguration;
			baseConfigurationReference = 48DD83E4008B768136AC8CCE /* Pods-itinerary.debug.xcconfig */;
			buildSettings = {
				ASSETCATALOG_COMPILER_APPICON_NAME = AppIcon;
				ASSETCATALOG_COMPILER_GLOBAL_ACCENT_COLOR_NAME = AccentColor;
				CODE_SIGN_STYLE = Automatic;
				CURRENT_PROJECT_VERSION = 1;
				DEVELOPMENT_ASSET_PATHS = "\"itinerary/Preview Content\"";
				ENABLE_PREVIEWS = YES;
				GENERATE_INFOPLIST_FILE = YES;
				INFOPLIST_FILE = itinerary/Info.plist;
				INFOPLIST_KEY_NSLocationWhenInUseUsageDescription = "";
				INFOPLIST_KEY_UIApplicationSceneManifest_Generation = YES;
				INFOPLIST_KEY_UIApplicationSupportsIndirectInputEvents = YES;
				INFOPLIST_KEY_UILaunchScreen_Generation = YES;
				INFOPLIST_KEY_UISupportedInterfaceOrientations_iPad = "UIInterfaceOrientationPortrait UIInterfaceOrientationPortraitUpsideDown UIInterfaceOrientationLandscapeLeft UIInterfaceOrientationLandscapeRight";
				INFOPLIST_KEY_UISupportedInterfaceOrientations_iPhone = "UIInterfaceOrientationPortrait UIInterfaceOrientationLandscapeLeft UIInterfaceOrientationLandscapeRight";
				LD_RUNPATH_SEARCH_PATHS = (
					"$(inherited)",
					"@executable_path/Frameworks",
				);
				MARKETING_VERSION = 1.0;
				PRODUCT_BUNDLE_IDENTIFIER = io.Orbital23.itinerary;
				PRODUCT_NAME = "$(TARGET_NAME)";
				SWIFT_EMIT_LOC_STRINGS = YES;
				SWIFT_VERSION = 5.0;
				TARGETED_DEVICE_FAMILY = "1,2";
			};
			name = Debug;
		};
		CDF380AE2A09E563005619CA /* Release */ = {
			isa = XCBuildConfiguration;
			baseConfigurationReference = 8D9016CB04A5921AD2175268 /* Pods-itinerary.release.xcconfig */;
			buildSettings = {
				ASSETCATALOG_COMPILER_APPICON_NAME = AppIcon;
				ASSETCATALOG_COMPILER_GLOBAL_ACCENT_COLOR_NAME = AccentColor;
				CODE_SIGN_STYLE = Automatic;
				CURRENT_PROJECT_VERSION = 1;
				DEVELOPMENT_ASSET_PATHS = "\"itinerary/Preview Content\"";
				ENABLE_PREVIEWS = YES;
				GENERATE_INFOPLIST_FILE = YES;
				INFOPLIST_FILE = itinerary/Info.plist;
				INFOPLIST_KEY_NSLocationWhenInUseUsageDescription = "";
				INFOPLIST_KEY_UIApplicationSceneManifest_Generation = YES;
				INFOPLIST_KEY_UIApplicationSupportsIndirectInputEvents = YES;
				INFOPLIST_KEY_UILaunchScreen_Generation = YES;
				INFOPLIST_KEY_UISupportedInterfaceOrientations_iPad = "UIInterfaceOrientationPortrait UIInterfaceOrientationPortraitUpsideDown UIInterfaceOrientationLandscapeLeft UIInterfaceOrientationLandscapeRight";
				INFOPLIST_KEY_UISupportedInterfaceOrientations_iPhone = "UIInterfaceOrientationPortrait UIInterfaceOrientationLandscapeLeft UIInterfaceOrientationLandscapeRight";
				LD_RUNPATH_SEARCH_PATHS = (
					"$(inherited)",
					"@executable_path/Frameworks",
				);
				MARKETING_VERSION = 1.0;
				PRODUCT_BUNDLE_IDENTIFIER = io.Orbital23.itinerary;
				PRODUCT_NAME = "$(TARGET_NAME)";
				SWIFT_EMIT_LOC_STRINGS = YES;
				SWIFT_VERSION = 5.0;
				TARGETED_DEVICE_FAMILY = "1,2";
			};
			name = Release;
		};
/* End XCBuildConfiguration section */

/* Begin XCConfigurationList section */
		7BC191D72A487DA500D84087 /* Build configuration list for PBXNativeTarget "itineraryUITests" */ = {
			isa = XCConfigurationList;
			buildConfigurations = (
				7BC191D52A487DA500D84087 /* Debug */,
				7BC191D62A487DA500D84087 /* Release */,
			);
			defaultConfigurationIsVisible = 0;
			defaultConfigurationName = Release;
		};
		CDF380992A09E562005619CA /* Build configuration list for PBXProject "itinerary" */ = {
			isa = XCConfigurationList;
			buildConfigurations = (
				CDF380AA2A09E563005619CA /* Debug */,
				CDF380AB2A09E563005619CA /* Release */,
			);
			defaultConfigurationIsVisible = 0;
			defaultConfigurationName = Release;
		};
		CDF380AC2A09E563005619CA /* Build configuration list for PBXNativeTarget "itinerary" */ = {
			isa = XCConfigurationList;
			buildConfigurations = (
				CDF380AD2A09E563005619CA /* Debug */,
				CDF380AE2A09E563005619CA /* Release */,
			);
			defaultConfigurationIsVisible = 0;
			defaultConfigurationName = Release;
		};
/* End XCConfigurationList section */

/* Begin XCRemoteSwiftPackageReference section */
		7B27BD332A29F44A0003EE9F /* XCRemoteSwiftPackageReference "firebase-ios-sdk" */ = {
			isa = XCRemoteSwiftPackageReference;
			repositoryURL = "https://github.com/firebase/firebase-ios-sdk";
			requirement = {
				kind = upToNextMajorVersion;
				minimumVersion = 10.0.0;
			};
		};
/* End XCRemoteSwiftPackageReference section */

/* Begin XCSwiftPackageProductDependency section */
		7B27BD342A29F44A0003EE9F /* FirebaseAnalytics */ = {
			isa = XCSwiftPackageProductDependency;
			package = 7B27BD332A29F44A0003EE9F /* XCRemoteSwiftPackageReference "firebase-ios-sdk" */;
			productName = FirebaseAnalytics;
		};
		7B27BD362A29F44A0003EE9F /* FirebaseAnalyticsSwift */ = {
			isa = XCSwiftPackageProductDependency;
			package = 7B27BD332A29F44A0003EE9F /* XCRemoteSwiftPackageReference "firebase-ios-sdk" */;
			productName = FirebaseAnalyticsSwift;
		};
		7B27BD382A29F44A0003EE9F /* FirebaseAnalyticsWithoutAdIdSupport */ = {
			isa = XCSwiftPackageProductDependency;
			package = 7B27BD332A29F44A0003EE9F /* XCRemoteSwiftPackageReference "firebase-ios-sdk" */;
			productName = FirebaseAnalyticsWithoutAdIdSupport;
		};
		7B27BD3A2A29F44A0003EE9F /* FirebaseAuth */ = {
			isa = XCSwiftPackageProductDependency;
			package = 7B27BD332A29F44A0003EE9F /* XCRemoteSwiftPackageReference "firebase-ios-sdk" */;
			productName = FirebaseAuth;
		};
		7B27BD3C2A29F44A0003EE9F /* FirebaseDatabase */ = {
			isa = XCSwiftPackageProductDependency;
			package = 7B27BD332A29F44A0003EE9F /* XCRemoteSwiftPackageReference "firebase-ios-sdk" */;
			productName = FirebaseDatabase;
		};
		7B27BD3E2A29F44A0003EE9F /* FirebaseDatabaseSwift */ = {
			isa = XCSwiftPackageProductDependency;
			package = 7B27BD332A29F44A0003EE9F /* XCRemoteSwiftPackageReference "firebase-ios-sdk" */;
			productName = FirebaseDatabaseSwift;
		};
		7B27BD402A29F44A0003EE9F /* FirebaseFunctions */ = {
			isa = XCSwiftPackageProductDependency;
			package = 7B27BD332A29F44A0003EE9F /* XCRemoteSwiftPackageReference "firebase-ios-sdk" */;
			productName = FirebaseFunctions;
		};
		7B27BD422A29F44A0003EE9F /* FirebaseFunctionsCombine-Community */ = {
			isa = XCSwiftPackageProductDependency;
			package = 7B27BD332A29F44A0003EE9F /* XCRemoteSwiftPackageReference "firebase-ios-sdk" */;
			productName = "FirebaseFunctionsCombine-Community";
		};
		7B27BD442A29F44A0003EE9F /* FirebaseRemoteConfig */ = {
			isa = XCSwiftPackageProductDependency;
			package = 7B27BD332A29F44A0003EE9F /* XCRemoteSwiftPackageReference "firebase-ios-sdk" */;
			productName = FirebaseRemoteConfig;
		};
		7B27BD462A29F44A0003EE9F /* FirebaseRemoteConfigSwift */ = {
			isa = XCSwiftPackageProductDependency;
			package = 7B27BD332A29F44A0003EE9F /* XCRemoteSwiftPackageReference "firebase-ios-sdk" */;
			productName = FirebaseRemoteConfigSwift;
		};
		7BF78A452A553D1F00FBBD6A /* FirebaseFirestore */ = {
			isa = XCSwiftPackageProductDependency;
			package = 7B27BD332A29F44A0003EE9F /* XCRemoteSwiftPackageReference "firebase-ios-sdk" */;
			productName = FirebaseFirestore;
		};
		7BF78A472A553D1F00FBBD6A /* FirebaseFirestoreSwift */ = {
			isa = XCSwiftPackageProductDependency;
			package = 7B27BD332A29F44A0003EE9F /* XCRemoteSwiftPackageReference "firebase-ios-sdk" */;
			productName = FirebaseFirestoreSwift;
		};
/* End XCSwiftPackageProductDependency section */
	};
	rootObject = CDF380962A09E562005619CA /* Project object */;
}
