// !$*UTF8*$!
{
	archiveVersion = 1;
	classes = {
	};
	objectVersion = 56;
	objects = {

/* Begin PBXBuildFile section */
		CD62153D2A1B0C6700CE5719 /* DetailedTripView.swift in Sources */ = {isa = PBXBuildFile; fileRef = CD62153C2A1B0C6700CE5719 /* DetailedTripView.swift */; };
		CD62153F2A20E4CF00CE5719 /* SignInView.swift in Sources */ = {isa = PBXBuildFile; fileRef = CD62153E2A20E4CF00CE5719 /* SignInView.swift */; };
		CD6215412A20EB3F00CE5719 /* GoogleService-Info.plist in Resources */ = {isa = PBXBuildFile; fileRef = CD6215402A20EB3F00CE5719 /* GoogleService-Info.plist */; };
		CD946EBD2A0BE1D900E0DBC1 /* MainInterfaceView.swift in Sources */ = {isa = PBXBuildFile; fileRef = CD946EBC2A0BE1D900E0DBC1 /* MainInterfaceView.swift */; };
		CD946EBF2A0BE6D000E0DBC1 /* SingleTripView.swift in Sources */ = {isa = PBXBuildFile; fileRef = CD946EBE2A0BE6D000E0DBC1 /* SingleTripView.swift */; };
		CD946EC12A0BECF200E0DBC1 /* SettingsView.swift in Sources */ = {isa = PBXBuildFile; fileRef = CD946EC02A0BECF200E0DBC1 /* SettingsView.swift */; };
		CDF380A22A09E562005619CA /* itineraryApp.swift in Sources */ = {isa = PBXBuildFile; fileRef = CDF380A12A09E562005619CA /* itineraryApp.swift */; };
		CDF380A42A09E562005619CA /* ContentView.swift in Sources */ = {isa = PBXBuildFile; fileRef = CDF380A32A09E562005619CA /* ContentView.swift */; };
		CDF380A62A09E563005619CA /* Assets.xcassets in Resources */ = {isa = PBXBuildFile; fileRef = CDF380A52A09E563005619CA /* Assets.xcassets */; };
		CDF380A92A09E563005619CA /* Preview Assets.xcassets in Resources */ = {isa = PBXBuildFile; fileRef = CDF380A82A09E563005619CA /* Preview Assets.xcassets */; };
/* End PBXBuildFile section */

/* Begin PBXFileReference section */
		CD62153C2A1B0C6700CE5719 /* DetailedTripView.swift */ = {isa = PBXFileReference; lastKnownFileType = sourcecode.swift; path = DetailedTripView.swift; sourceTree = "<group>"; };
		CD62153E2A20E4CF00CE5719 /* SignInView.swift */ = {isa = PBXFileReference; lastKnownFileType = sourcecode.swift; path = SignInView.swift; sourceTree = "<group>"; };
		CD6215402A20EB3F00CE5719 /* GoogleService-Info.plist */ = {isa = PBXFileReference; fileEncoding = 4; lastKnownFileType = text.plist.xml; path = "GoogleService-Info.plist"; sourceTree = "<group>"; };
		CD946EBC2A0BE1D900E0DBC1 /* MainInterfaceView.swift */ = {isa = PBXFileReference; lastKnownFileType = sourcecode.swift; path = MainInterfaceView.swift; sourceTree = "<group>"; };
		CD946EBE2A0BE6D000E0DBC1 /* SingleTripView.swift */ = {isa = PBXFileReference; lastKnownFileType = sourcecode.swift; path = SingleTripView.swift; sourceTree = "<group>"; };
		CD946EC02A0BECF200E0DBC1 /* SettingsView.swift */ = {isa = PBXFileReference; lastKnownFileType = sourcecode.swift; path = SettingsView.swift; sourceTree = "<group>"; };
		CDF3809E2A09E562005619CA /* itinerary.app */ = {isa = PBXFileReference; explicitFileType = wrapper.application; includeInIndex = 0; path = itinerary.app; sourceTree = BUILT_PRODUCTS_DIR; };
		CDF380A12A09E562005619CA /* itineraryApp.swift */ = {isa = PBXFileReference; lastKnownFileType = sourcecode.swift; path = itineraryApp.swift; sourceTree = "<group>"; };
		CDF380A32A09E562005619CA /* ContentView.swift */ = {isa = PBXFileReference; lastKnownFileType = sourcecode.swift; path = ContentView.swift; sourceTree = "<group>"; };
		CDF380A52A09E563005619CA /* Assets.xcassets */ = {isa = PBXFileReference; lastKnownFileType = folder.assetcatalog; path = Assets.xcassets; sourceTree = "<group>"; };
		CDF380A82A09E563005619CA /* Preview Assets.xcassets */ = {isa = PBXFileReference; lastKnownFileType = folder.assetcatalog; path = "Preview Assets.xcassets"; sourceTree = "<group>"; };
/* End PBXFileReference section */

/* Begin PBXFrameworksBuildPhase section */
		CDF3809B2A09E562005619CA /* Frameworks */ = {
			isa = PBXFrameworksBuildPhase;
			buildActionMask = 2147483647;
			files = (
			);
			runOnlyForDeploymentPostprocessing = 0;
		};
/* End PBXFrameworksBuildPhase section */

/* Begin PBXGroup section */
		CDF380952A09E562005619CA = {
			isa = PBXGroup;
			children = (
				CDF380A02A09E562005619CA /* itinerary */,
				CDF3809F2A09E562005619CA /* Products */,
			);
			sourceTree = "<group>";
		};
		CDF3809F2A09E562005619CA /* Products */ = {
			isa = PBXGroup;
			children = (
				CDF3809E2A09E562005619CA /* itinerary.app */,
			);
			name = Products;
			sourceTree = "<group>";
		};
		CDF380A02A09E562005619CA /* itinerary */ = {
			isa = PBXGroup;
			children = (
				CDF380A12A09E562005619CA /* itineraryApp.swift */,
				CDF380A32A09E562005619CA /* ContentView.swift */,
				CD946EBC2A0BE1D900E0DBC1 /* MainInterfaceView.swift */,
				CD946EBE2A0BE6D000E0DBC1 /* SingleTripView.swift */,
				CD946EC02A0BECF200E0DBC1 /* SettingsView.swift */,
				CD62153C2A1B0C6700CE5719 /* DetailedTripView.swift */,
				CD62153E2A20E4CF00CE5719 /* SignInView.swift */,
				CD6215402A20EB3F00CE5719 /* GoogleService-Info.plist */,
				CDF380A52A09E563005619CA /* Assets.xcassets */,
				CDF380A72A09E563005619CA /* Preview Content */,
			);
			path = itinerary;
			sourceTree = "<group>";
		};
		CDF380A72A09E563005619CA /* Preview Content */ = {
			isa = PBXGroup;
			children = (
				CDF380A82A09E563005619CA /* Preview Assets.xcassets */,
			);
			path = "Preview Content";
			sourceTree = "<group>";
		};
/* End PBXGroup section */

/* Begin PBXNativeTarget section */
		CDF3809D2A09E562005619CA /* itinerary */ = {
			isa = PBXNativeTarget;
			buildConfigurationList = CDF380AC2A09E563005619CA /* Build configuration list for PBXNativeTarget "itinerary" */;
			buildPhases = (
				CDF3809A2A09E562005619CA /* Sources */,
				CDF3809B2A09E562005619CA /* Frameworks */,
				CDF3809C2A09E562005619CA /* Resources */,
			);
			buildRules = (
			);
			dependencies = (
			);
			name = itinerary;
			productName = itinerary;
			productReference = CDF3809E2A09E562005619CA /* itinerary.app */;
			productType = "com.apple.product-type.application";
		};
/* End PBXNativeTarget section */

/* Begin PBXProject section */
		CDF380962A09E562005619CA /* Project object */ = {
			isa = PBXProject;
			attributes = {
				BuildIndependentTargetsInParallel = 1;
				LastSwiftUpdateCheck = 1430;
				LastUpgradeCheck = 1430;
				TargetAttributes = {
					CDF3809D2A09E562005619CA = {
						CreatedOnToolsVersion = 14.3;
					};
				};
			};
			buildConfigurationList = CDF380992A09E562005619CA /* Build configuration list for PBXProject "itinerary" */;
			compatibilityVersion = "Xcode 14.0";
			developmentRegion = en;
			hasScannedForEncodings = 0;
			knownRegions = (
				en,
				Base,
			);
			mainGroup = CDF380952A09E562005619CA;
			packageReferences = (
			);
			productRefGroup = CDF3809F2A09E562005619CA /* Products */;
			projectDirPath = "";
			projectRoot = "";
			targets = (
				CDF3809D2A09E562005619CA /* itinerary */,
			);
		};
/* End PBXProject section */

/* Begin PBXResourcesBuildPhase section */
		CDF3809C2A09E562005619CA /* Resources */ = {
			isa = PBXResourcesBuildPhase;
			buildActionMask = 2147483647;
			files = (
				CDF380A92A09E563005619CA /* Preview Assets.xcassets in Resources */,
				CDF380A62A09E563005619CA /* Assets.xcassets in Resources */,
				CD6215412A20EB3F00CE5719 /* GoogleService-Info.plist in Resources */,
			);
			runOnlyForDeploymentPostprocessing = 0;
		};
/* End PBXResourcesBuildPhase section */

/* Begin PBXSourcesBuildPhase section */
		CDF3809A2A09E562005619CA /* Sources */ = {
			isa = PBXSourcesBuildPhase;
			buildActionMask = 2147483647;
			files = (
				CD946EC12A0BECF200E0DBC1 /* SettingsView.swift in Sources */,
				CD62153F2A20E4CF00CE5719 /* SignInView.swift in Sources */,
				CD62153D2A1B0C6700CE5719 /* DetailedTripView.swift in Sources */,
				CD946EBD2A0BE1D900E0DBC1 /* MainInterfaceView.swift in Sources */,
				CDF380A42A09E562005619CA /* ContentView.swift in Sources */,
				CDF380A22A09E562005619CA /* itineraryApp.swift in Sources */,
				CD946EBF2A0BE6D000E0DBC1 /* SingleTripView.swift in Sources */,
			);
			runOnlyForDeploymentPostprocessing = 0;
		};
/* End PBXSourcesBuildPhase section */

/* Begin XCBuildConfiguration section */
		CDF380AA2A09E563005619CA /* Debug */ = {
			isa = XCBuildConfiguration;
			buildSettings = {
				ALWAYS_SEARCH_USER_PATHS = NO;
				CLANG_ANALYZER_NONNULL = YES;
				CLANG_ANALYZER_NUMBER_OBJECT_CONVERSION = YES_AGGRESSIVE;
				CLANG_CXX_LANGUAGE_STANDARD = "gnu++20";
				CLANG_ENABLE_MODULES = YES;
				CLANG_ENABLE_OBJC_ARC = YES;
				CLANG_ENABLE_OBJC_WEAK = YES;
				CLANG_WARN_BLOCK_CAPTURE_AUTORELEASING = YES;
				CLANG_WARN_BOOL_CONVERSION = YES;
				CLANG_WARN_COMMA = YES;
				CLANG_WARN_CONSTANT_CONVERSION = YES;
				CLANG_WARN_DEPRECATED_OBJC_IMPLEMENTATIONS = YES;
				CLANG_WARN_DIRECT_OBJC_ISA_USAGE = YES_ERROR;
				CLANG_WARN_DOCUMENTATION_COMMENTS = YES;
				CLANG_WARN_EMPTY_BODY = YES;
				CLANG_WARN_ENUM_CONVERSION = YES;
				CLANG_WARN_INFINITE_RECURSION = YES;
				CLANG_WARN_INT_CONVERSION = YES;
				CLANG_WARN_NON_LITERAL_NULL_CONVERSION = YES;
				CLANG_WARN_OBJC_IMPLICIT_RETAIN_SELF = YES;
				CLANG_WARN_OBJC_LITERAL_CONVERSION = YES;
				CLANG_WARN_OBJC_ROOT_CLASS = YES_ERROR;
				CLANG_WARN_QUOTED_INCLUDE_IN_FRAMEWORK_HEADER = YES;
				CLANG_WARN_RANGE_LOOP_ANALYSIS = YES;
				CLANG_WARN_STRICT_PROTOTYPES = YES;
				CLANG_WARN_SUSPICIOUS_MOVE = YES;
				CLANG_WARN_UNGUARDED_AVAILABILITY = YES_AGGRESSIVE;
				CLANG_WARN_UNREACHABLE_CODE = YES;
				CLANG_WARN__DUPLICATE_METHOD_MATCH = YES;
				COPY_PHASE_STRIP = NO;
				DEBUG_INFORMATION_FORMAT = dwarf;
				ENABLE_STRICT_OBJC_MSGSEND = YES;
				ENABLE_TESTABILITY = YES;
				GCC_C_LANGUAGE_STANDARD = gnu11;
				GCC_DYNAMIC_NO_PIC = NO;
				GCC_NO_COMMON_BLOCKS = YES;
				GCC_OPTIMIZATION_LEVEL = 0;
				GCC_PREPROCESSOR_DEFINITIONS = (
					"DEBUG=1",
					"$(inherited)",
				);
				GCC_WARN_64_TO_32_BIT_CONVERSION = YES;
				GCC_WARN_ABOUT_RETURN_TYPE = YES_ERROR;
				GCC_WARN_UNDECLARED_SELECTOR = YES;
				GCC_WARN_UNINITIALIZED_AUTOS = YES_AGGRESSIVE;
				GCC_WARN_UNUSED_FUNCTION = YES;
				GCC_WARN_UNUSED_VARIABLE = YES;
				IPHONEOS_DEPLOYMENT_TARGET = 16.4;
				MTL_ENABLE_DEBUG_INFO = INCLUDE_SOURCE;
				MTL_FAST_MATH = YES;
				ONLY_ACTIVE_ARCH = YES;
				SDKROOT = iphoneos;
				SWIFT_ACTIVE_COMPILATION_CONDITIONS = DEBUG;
				SWIFT_OPTIMIZATION_LEVEL = "-Onone";
			};
			name = Debug;
		};
		CDF380AB2A09E563005619CA /* Release */ = {
			isa = XCBuildConfiguration;
			buildSettings = {
				ALWAYS_SEARCH_USER_PATHS = NO;
				CLANG_ANALYZER_NONNULL = YES;
				CLANG_ANALYZER_NUMBER_OBJECT_CONVERSION = YES_AGGRESSIVE;
				CLANG_CXX_LANGUAGE_STANDARD = "gnu++20";
				CLANG_ENABLE_MODULES = YES;
				CLANG_ENABLE_OBJC_ARC = YES;
				CLANG_ENABLE_OBJC_WEAK = YES;
				CLANG_WARN_BLOCK_CAPTURE_AUTORELEASING = YES;
				CLANG_WARN_BOOL_CONVERSION = YES;
				CLANG_WARN_COMMA = YES;
				CLANG_WARN_CONSTANT_CONVERSION = YES;
				CLANG_WARN_DEPRECATED_OBJC_IMPLEMENTATIONS = YES;
				CLANG_WARN_DIRECT_OBJC_ISA_USAGE = YES_ERROR;
				CLANG_WARN_DOCUMENTATION_COMMENTS = YES;
				CLANG_WARN_EMPTY_BODY = YES;
				CLANG_WARN_ENUM_CONVERSION = YES;
				CLANG_WARN_INFINITE_RECURSION = YES;
				CLANG_WARN_INT_CONVERSION = YES;
				CLANG_WARN_NON_LITERAL_NULL_CONVERSION = YES;
				CLANG_WARN_OBJC_IMPLICIT_RETAIN_SELF = YES;
				CLANG_WARN_OBJC_LITERAL_CONVERSION = YES;
				CLANG_WARN_OBJC_ROOT_CLASS = YES_ERROR;
				CLANG_WARN_QUOTED_INCLUDE_IN_FRAMEWORK_HEADER = YES;
				CLANG_WARN_RANGE_LOOP_ANALYSIS = YES;
				CLANG_WARN_STRICT_PROTOTYPES = YES;
				CLANG_WARN_SUSPICIOUS_MOVE = YES;
				CLANG_WARN_UNGUARDED_AVAILABILITY = YES_AGGRESSIVE;
				CLANG_WARN_UNREACHABLE_CODE = YES;
				CLANG_WARN__DUPLICATE_METHOD_MATCH = YES;
				COPY_PHASE_STRIP = NO;
				DEBUG_INFORMATION_FORMAT = "dwarf-with-dsym";
				ENABLE_NS_ASSERTIONS = NO;
				ENABLE_STRICT_OBJC_MSGSEND = YES;
				GCC_C_LANGUAGE_STANDARD = gnu11;
				GCC_NO_COMMON_BLOCKS = YES;
				GCC_WARN_64_TO_32_BIT_CONVERSION = YES;
				GCC_WARN_ABOUT_RETURN_TYPE = YES_ERROR;
				GCC_WARN_UNDECLARED_SELECTOR = YES;
				GCC_WARN_UNINITIALIZED_AUTOS = YES_AGGRESSIVE;
				GCC_WARN_UNUSED_FUNCTION = YES;
				GCC_WARN_UNUSED_VARIABLE = YES;
				IPHONEOS_DEPLOYMENT_TARGET = 16.4;
				MTL_ENABLE_DEBUG_INFO = NO;
				MTL_FAST_MATH = YES;
				SDKROOT = iphoneos;
				SWIFT_COMPILATION_MODE = wholemodule;
				SWIFT_OPTIMIZATION_LEVEL = "-O";
				VALIDATE_PRODUCT = YES;
			};
			name = Release;
		};
		CDF380AD2A09E563005619CA /* Debug */ = {
			isa = XCBuildConfiguration;
			buildSettings = {
				ASSETCATALOG_COMPILER_APPICON_NAME = AppIcon;
				ASSETCATALOG_COMPILER_GLOBAL_ACCENT_COLOR_NAME = AccentColor;
				CODE_SIGN_STYLE = Automatic;
				CURRENT_PROJECT_VERSION = 1;
				DEVELOPMENT_ASSET_PATHS = "\"itinerary/Preview Content\"";
				ENABLE_PREVIEWS = YES;
				GENERATE_INFOPLIST_FILE = YES;
				INFOPLIST_KEY_UIApplicationSceneManifest_Generation = YES;
				INFOPLIST_KEY_UIApplicationSupportsIndirectInputEvents = YES;
				INFOPLIST_KEY_UILaunchScreen_Generation = YES;
				INFOPLIST_KEY_UISupportedInterfaceOrientations_iPad = "UIInterfaceOrientationPortrait UIInterfaceOrientationPortraitUpsideDown UIInterfaceOrientationLandscapeLeft UIInterfaceOrientationLandscapeRight";
				INFOPLIST_KEY_UISupportedInterfaceOrientations_iPhone = "UIInterfaceOrientationPortrait UIInterfaceOrientationLandscapeLeft UIInterfaceOrientationLandscapeRight";
				LD_RUNPATH_SEARCH_PATHS = (
					"$(inherited)",
					"@executable_path/Frameworks",
				);
				MARKETING_VERSION = 1.0;
				PRODUCT_BUNDLE_IDENTIFIER = io.Orbital23.itinerary;
				PRODUCT_NAME = "$(TARGET_NAME)";
				SWIFT_EMIT_LOC_STRINGS = YES;
				SWIFT_VERSION = 5.0;
				TARGETED_DEVICE_FAMILY = "1,2";
			};
			name = Debug;
		};
		CDF380AE2A09E563005619CA /* Release */ = {
			isa = XCBuildConfiguration;
			buildSettings = {
				ASSETCATALOG_COMPILER_APPICON_NAME = AppIcon;
				ASSETCATALOG_COMPILER_GLOBAL_ACCENT_COLOR_NAME = AccentColor;
				CODE_SIGN_STYLE = Automatic;
				CURRENT_PROJECT_VERSION = 1;
				DEVELOPMENT_ASSET_PATHS = "\"itinerary/Preview Content\"";
				ENABLE_PREVIEWS = YES;
				GENERATE_INFOPLIST_FILE = YES;
				INFOPLIST_KEY_UIApplicationSceneManifest_Generation = YES;
				INFOPLIST_KEY_UIApplicationSupportsIndirectInputEvents = YES;
				INFOPLIST_KEY_UILaunchScreen_Generation = YES;
				INFOPLIST_KEY_UISupportedInterfaceOrientations_iPad = "UIInterfaceOrientationPortrait UIInterfaceOrientationPortraitUpsideDown UIInterfaceOrientationLandscapeLeft UIInterfaceOrientationLandscapeRight";
				INFOPLIST_KEY_UISupportedInterfaceOrientations_iPhone = "UIInterfaceOrientationPortrait UIInterfaceOrientationLandscapeLeft UIInterfaceOrientationLandscapeRight";
				LD_RUNPATH_SEARCH_PATHS = (
					"$(inherited)",
					"@executable_path/Frameworks",
				);
				MARKETING_VERSION = 1.0;
				PRODUCT_BUNDLE_IDENTIFIER = io.Orbital23.itinerary;
				PRODUCT_NAME = "$(TARGET_NAME)";
				SWIFT_EMIT_LOC_STRINGS = YES;
				SWIFT_VERSION = 5.0;
				TARGETED_DEVICE_FAMILY = "1,2";
			};
			name = Release;
		};
/* End XCBuildConfiguration section */

/* Begin XCConfigurationList section */
		CDF380992A09E562005619CA /* Build configuration list for PBXProject "itinerary" */ = {
			isa = XCConfigurationList;
			buildConfigurations = (
				CDF380AA2A09E563005619CA /* Debug */,
				CDF380AB2A09E563005619CA /* Release */,
			);
			defaultConfigurationIsVisible = 0;
			defaultConfigurationName = Release;
		};
		CDF380AC2A09E563005619CA /* Build configuration list for PBXNativeTarget "itinerary" */ = {
			isa = XCConfigurationList;
			buildConfigurations = (
				CDF380AD2A09E563005619CA /* Debug */,
				CDF380AE2A09E563005619CA /* Release */,
			);
			defaultConfigurationIsVisible = 0;
			defaultConfigurationName = Release;
		};
/* End XCConfigurationList section */
	};
	rootObject = CDF380962A09E562005619CA /* Project object */;
}
